
Microsoft Visual Studio Solution File, Format Version 12.00
# Visual Studio Version 17
VisualStudioVersion = 17.5.33516.290
MinimumVisualStudioVersion = 10.0.40219.1
Project("{FAE04EC0-301F-11D3-BF4B-00C04F79EFBC}") = "Tugas 4 Auth", "Tugas 4 Auth\Tugas 4 Auth.csproj", "{4177F1F3-B287-47FC-B6BA-63FCCC554A7A}"
EndProject
Global
	GlobalSection(SolutionConfigurationPlatforms) = preSolution
		Debug|Any CPU = Debug|Any CPU
		Release|Any CPU = Release|Any CPU
	EndGlobalSection
	GlobalSection(ProjectConfigurationPlatforms) = postSolution
		{4177F1F3-B287-47FC-B6BA-63FCCC554A7A}.Debug|Any CPU.ActiveCfg = Debug|Any CPU
		{4177F1F3-B287-47FC-B6BA-63FCCC554A7A}.Debug|Any CPU.Build.0 = Debug|Any CPU
		{4177F1F3-B287-47FC-B6BA-63FCCC554A7A}.Release|Any CPU.ActiveCfg = Release|Any CPU
		{4177F1F3-B287-47FC-B6BA-63FCCC554A7A}.Release|Any CPU.Build.0 = Release|Any CPU
	EndGlobalSection
	GlobalSection(SolutionProperties) = preSolution
		HideSolutionNode = FALSE
	EndGlobalSection
	GlobalSection(ExtensibilityGlobals) = postSolution
		SolutionGuid = {DE8B6D6C-7F7A-40AD-A944-37B5F6A5CC1B}
	EndGlobalSection
EndGlobal
